{
  "name": "agent-client-kernel",
  "requires": true,
  "lockfileVersion": 1,
  "dependencies": {
    "@openai/codex": {
      "version": "0.125.0",
      "resolved": "https://registry.npmjs.org/@openai/codex/-/codex-0.125.0.tgz",
      "integrity": "sha512-GiE9wlgL95u/5BRirY5d3EaRLU1tu7Y1R09R8lCHHVmcQdSmhS809FdPDWH3gIYHS7ZriAPqXwJ3aLA0WKl40Q==",
      "dependencies": {
        "@openai/codex": {
          "version": "0.125.0-win32-x64",
          "resolved": "https://registry.npmjs.org/@openai/codex/-/codex-0.125.0-win32-x64.tgz",
          "integrity": "sha512-ofpOK+OWH5QFuUZ9pTM0d/PcXUXiIP5z5DpRcE9MlucJoyOl4Zy4Nu3NcuHF4YzCkZMQb6x3j0tjDEPHKqNQzw=="
        }
      }
    },
    "@zed-industries/codex-acp": {
      "version": "0.12.0",
      "resolved": "https://registry.npmjs.org/@zed-industries/codex-acp/-/codex-acp-0.12.0.tgz",
      "integrity": "sha512-0d7gRzOiYTgDmIyh783mCcq50h3mdOg/TtKdLfBIghOLushpQRwhuLjKK8Q9hxZfNlPL0Ua56DoPjnsW8amf8g==",
      "requires": {
        "@zed-industries/codex-acp-darwin-arm64": "0.12.0",
        "@zed-industries/codex-acp-darwin-x64": "0.12.0",
        "@zed-industries/codex-acp-linux-arm64": "0.12.0",
        "@zed-industries/codex-acp-linux-x64": "0.12.0",
        "@zed-industries/codex-acp-win32-arm64": "0.12.0",
        "@zed-industries/codex-acp-win32-x64": "0.12.0"
      }
    },
    "@zed-industries/codex-acp-darwin-arm64": {
      "version": "0.12.0",
      "resolved": "https://registry.npmjs.org/@zed-industries/codex-acp-darwin-arm64/-/codex-acp-darwin-arm64-0.12.0.tgz",
      "integrity": "sha512-RvTXH21sLpswEo8xLeQXcA/uWZauyNP1y+WI6b355+/o7sQ5wrvBkxt+NyhaJXJIQvbfdpl04LND4cmM+DTcNg==",
      "optional": true
    },
    "@zed-industries/codex-acp-darwin-x64": {
      "version": "0.12.0",
      "resolved": "https://registry.npmjs.org/@zed-industries/codex-acp-darwin-x64/-/codex-acp-darwin-x64-0.12.0.tgz",
      "integrity": "sha512-N7EhrUTioix3L21qnm6kZzAESc+B7Mac+/uW3khn/UQe7fJJ7u1ojbgMPDdGo/8Xm6HBBXgak2NOj7mJ+NNXSw==",
      "optional": true
    },
    "@zed-industries/codex-acp-linux-arm64": {
      "version": "0.12.0",
      "resolved": "https://registry.npmjs.org/@zed-industries/codex-acp-linux-arm64/-/codex-acp-linux-arm64-0.12.0.tgz",
      "integrity": "sha512-Kq35FclgZiSMBKyf80PnCvvJ3xfMjZIkPJXpci35U/VqXVQelhHCwYWwA3waTxvW07tNHxsehv1eQICz7wZdVQ==",
      "optional": true
    },
    "@zed-industries/codex-acp-linux-x64": {
      "version": "0.12.0",
      "resolved": "https://registry.npmjs.org/@zed-industries/codex-acp-linux-x64/-/codex-acp-linux-x64-0.12.0.tgz",
      "integrity": "sha512-twmX9noSqfgWgVkGG1dd9u20Pxp8vNRXggvJ61RQSrNYITGuqHil2F3ViYICZoXyr9w1gok28bWG5DU2d9adPg==",
      "optional": true
    },
    "@zed-industries/codex-acp-win32-arm64": {
      "version": "0.12.0",
      "resolved": "https://registry.npmjs.org/@zed-industries/codex-acp-win32-arm64/-/codex-acp-win32-arm64-0.12.0.tgz",
      "integrity": "sha512-VoFsTIrQopO917x2EpxYXm3jTIoSknCbzP76FwX9uOThlRms+M+fHWJ4kJttOPpeofz1ulAS3vPVMQ3WNlvnhw==",
      "optional": true
    },
    "@zed-industries/codex-acp-win32-x64": {
      "version": "0.12.0",
      "resolved": "https://registry.npmjs.org/@zed-industries/codex-acp-win32-x64/-/codex-acp-win32-x64-0.12.0.tgz",
      "integrity": "sha512-HImgXGIYgW6Wxr3rylrHS7Dzs35zvcQQB7eqAEWZ2Lj+3AxP/7TViW9KkjS+PTPnVWqpTkz0hYDQhk63Ruw3JA==",
      "optional": true
    }
  }
}
