{
  "name": "agent-client-kernel",
  "lockfileVersion": 3,
  "requires": true,
  "packages": {
    "": {
      "dependencies": {
        "@openai/codex": "^0.77.0",
        "@zed-industries/codex-acp": "^0.7.4"
      }
    },
    "node_modules/@openai/codex": {
      "version": "0.77.0",
      "resolved": "https://registry.npmjs.org/@openai/codex/-/codex-0.77.0.tgz",
      "integrity": "sha512-1Z3tuJsePfQvBELmTT3Dpzm4GheQn0t4H8RtdZnYVBdj1vA2Hi6eGCrOHXxPSfXRKDrSZ4VvALcQmZpFmYsaHA==",
      "license": "Apache-2.0",
      "bin": {
        "codex": "bin/codex.js"
      },
      "engines": {
        "node": ">=16"
      }
    },
    "node_modules/@zed-industries/codex-acp": {
      "version": "0.7.4",
      "resolved": "https://registry.npmjs.org/@zed-industries/codex-acp/-/codex-acp-0.7.4.tgz",
      "integrity": "sha512-8K3KMyr6xZDO2ir23sZZHyLKodffVR5y6PcojN/fC6w7H38xTzP5zkbjk9LbO5nP2J4o7FVE2rRTk5y3HiKCYA==",
      "license": "Apache-2.0",
      "bin": {
        "codex-acp": "bin/codex-acp.js"
      },
      "optionalDependencies": {
        "@zed-industries/codex-acp-darwin-arm64": "0.7.4",
        "@zed-industries/codex-acp-darwin-x64": "0.7.4",
        "@zed-industries/codex-acp-linux-arm64": "0.7.4",
        "@zed-industries/codex-acp-linux-x64": "0.7.4",
        "@zed-industries/codex-acp-win32-arm64": "0.7.4",
        "@zed-industries/codex-acp-win32-x64": "0.7.4"
      }
    },
    "node_modules/@zed-industries/codex-acp-darwin-arm64": {
      "version": "0.7.4",
      "resolved": "https://registry.npmjs.org/@zed-industries/codex-acp-darwin-arm64/-/codex-acp-darwin-arm64-0.7.4.tgz",
      "integrity": "sha512-TukRwalrQ+Zf2DqjHetQqO3vug0xVdyr7VVsqfaUnQchBtT93605/vZvXRGNap08i/dD0MQZdfdI0wW09WCkeQ==",
      "cpu": [
        "arm64"
      ],
      "license": "Apache-2.0",
      "optional": true,
      "os": [
        "darwin"
      ],
      "bin": {
        "codex-acp-darwin-arm64": "bin/codex-acp"
      }
    },
    "node_modules/@zed-industries/codex-acp-darwin-x64": {
      "version": "0.7.4",
      "resolved": "https://registry.npmjs.org/@zed-industries/codex-acp-darwin-x64/-/codex-acp-darwin-x64-0.7.4.tgz",
      "integrity": "sha512-uVqLEscdRf2h70J2RliB7MV+FJ0t6L5aiZZWomJQ24bTnCz/gzZif3Le5661wsNeVYreGpdk0QZ4RB964nrSUA==",
      "cpu": [
        "x64"
      ],
      "license": "Apache-2.0",
      "optional": true,
      "os": [
        "darwin"
      ],
      "bin": {
        "codex-acp-darwin-x64": "bin/codex-acp"
      }
    },
    "node_modules/@zed-industries/codex-acp-linux-arm64": {
      "version": "0.7.4",
      "resolved": "https://registry.npmjs.org/@zed-industries/codex-acp-linux-arm64/-/codex-acp-linux-arm64-0.7.4.tgz",
      "integrity": "sha512-UO/7XQRvqWbxFutuByK/3j18WPpYMm1GGlqRrcII2he+AkmAlKh3uYMONHFznzTEWOK6UQGGlg0LiZTle1cXyg==",
      "cpu": [
        "arm64"
      ],
      "license": "Apache-2.0",
      "optional": true,
      "os": [
        "linux"
      ],
      "bin": {
        "codex-acp-linux-arm64": "bin/codex-acp"
      }
    },
    "node_modules/@zed-industries/codex-acp-linux-x64": {
      "version": "0.7.4",
      "resolved": "https://registry.npmjs.org/@zed-industries/codex-acp-linux-x64/-/codex-acp-linux-x64-0.7.4.tgz",
      "integrity": "sha512-1x4oRouA6gwq7i1+Na9fbgbVYbP0DXD/rMmMp+Lm0AF2bjcwMrwdpSHDWFB0CwR0oOzMglvpcrF4QvVIcG3JQA==",
      "cpu": [
        "x64"
      ],
      "license": "Apache-2.0",
      "optional": true,
      "os": [
        "linux"
      ],
      "bin": {
        "codex-acp-linux-x64": "bin/codex-acp"
      }
    },
    "node_modules/@zed-industries/codex-acp-win32-arm64": {
      "version": "0.7.4",
      "resolved": "https://registry.npmjs.org/@zed-industries/codex-acp-win32-arm64/-/codex-acp-win32-arm64-0.7.4.tgz",
      "integrity": "sha512-tlUvoeNFAb/23JPrwlC4ZgzrPxkOnhacnTxbFIflyp34YsIA2Aq1NBjFNrsxUsW51XDjzeA8YmCtTECy1mx6dA==",
      "cpu": [
        "arm64"
      ],
      "license": "Apache-2.0",
      "optional": true,
      "os": [
        "win32"
      ],
      "bin": {
        "codex-acp-win32-arm64": "bin/codex-acp.exe"
      }
    },
    "node_modules/@zed-industries/codex-acp-win32-x64": {
      "version": "0.7.4",
      "resolved": "https://registry.npmjs.org/@zed-industries/codex-acp-win32-x64/-/codex-acp-win32-x64-0.7.4.tgz",
      "integrity": "sha512-G7aEm+uAUgnx4XZujYKyT7YEnyLhTfG4eAMC9ZEgUbzsDfP0udK0P5R2LwJInhUD1WtmxnpF/LX9a0p34wZLhA==",
      "cpu": [
        "x64"
      ],
      "license": "Apache-2.0",
      "optional": true,
      "os": [
        "win32"
      ],
      "bin": {
        "codex-acp-win32-x64": "bin/codex-acp.exe"
      }
    }
  }
}
